// !$*UTF8*$!
{
	archiveVersion = 1;
	classes = {
	};
	objectVersion = 50;
	objects = {

/* Begin PBXBuildFile section */
		DE2190C32638F94400630DC4 /* MemorizeApp.swift in Sources */ = {isa = PBXBuildFile; fileRef = DE2190C22638F94400630DC4 /* MemorizeApp.swift */; };
		DE2190C52638F94400630DC4 /* GameView.swift in Sources */ = {isa = PBXBuildFile; fileRef = DE2190C42638F94400630DC4 /* GameView.swift */; };
		DE2190C72638F94600630DC4 /* Assets.xcassets in Resources */ = {isa = PBXBuildFile; fileRef = DE2190C62638F94600630DC4 /* Assets.xcassets */; };
		DE2190CA2638F94600630DC4 /* Preview Assets.xcassets in Resources */ = {isa = PBXBuildFile; fileRef = DE2190C92638F94600630DC4 /* Preview Assets.xcassets */; };
		DED81A6F263A711400708D32 /* MemoryGame.swift in Sources */ = {isa = PBXBuildFile; fileRef = DED81A6E263A711400708D32 /* MemoryGame.swift */; };
		DED81A71263BA32000708D32 /* EmojiMemoryGame.swift in Sources */ = {isa = PBXBuildFile; fileRef = DED81A70263BA32000708D32 /* EmojiMemoryGame.swift */; };
		DED81A73263F2E5200708D32 /* Grid.swift in Sources */ = {isa = PBXBuildFile; fileRef = DED81A72263F2E5200708D32 /* Grid.swift */; };
		DED81A75263F37E300708D32 /* GridLayout.swift in Sources */ = {isa = PBXBuildFile; fileRef = DED81A74263F37E300708D32 /* GridLayout.swift */; };
		DED81A77263F3C3600708D32 /* Array+Identifiable.swift in Sources */ = {isa = PBXBuildFile; fileRef = DED81A76263F3C3600708D32 /* Array+Identifiable.swift */; };
		DED81A79263F5DB300708D32 /* Array+Only.swift in Sources */ = {isa = PBXBuildFile; fileRef = DED81A78263F5DB300708D32 /* Array+Only.swift */; };
		DED81A7B26434B9000708D32 /* Theme.swift in Sources */ = {isa = PBXBuildFile; fileRef = DED81A7A26434B9000708D32 /* Theme.swift */; };
		DED81A7D2651D0F600708D32 /* Pie.swift in Sources */ = {isa = PBXBuildFile; fileRef = DED81A7C2651D0F600708D32 /* Pie.swift */; };
		DED81A7F265220D300708D32 /* Cardify.swift in Sources */ = {isa = PBXBuildFile; fileRef = DED81A7E265220D300708D32 /* Cardify.swift */; };
/* End PBXBuildFile section */

/* Begin PBXFileReference section */
		DE2190BF2638F94400630DC4 /* Memorize.app */ = {isa = PBXFileReference; explicitFileType = wrapper.application; includeInIndex = 0; path = Memorize.app; sourceTree = BUILT_PRODUCTS_DIR; };
		DE2190C22638F94400630DC4 /* MemorizeApp.swift */ = {isa = PBXFileReference; lastKnownFileType = sourcecode.swift; path = MemorizeApp.swift; sourceTree = "<group>"; };
		DE2190C42638F94400630DC4 /* GameView.swift */ = {isa = PBXFileReference; lastKnownFileType = sourcecode.swift; path = GameView.swift; sourceTree = "<group>"; };
		DE2190C62638F94600630DC4 /* Assets.xcassets */ = {isa = PBXFileReference; lastKnownFileType = folder.assetcatalog; path = Assets.xcassets; sourceTree = "<group>"; };
		DE2190C92638F94600630DC4 /* Preview Assets.xcassets */ = {isa = PBXFileReference; lastKnownFileType = folder.assetcatalog; path = "Preview Assets.xcassets"; sourceTree = "<group>"; };
		DE2190CB2638F94600630DC4 /* Info.plist */ = {isa = PBXFileReference; lastKnownFileType = text.plist.xml; path = Info.plist; sourceTree = "<group>"; };
		DED81A6E263A711400708D32 /* MemoryGame.swift */ = {isa = PBXFileReference; lastKnownFileType = sourcecode.swift; path = MemoryGame.swift; sourceTree = "<group>"; };
		DED81A70263BA32000708D32 /* EmojiMemoryGame.swift */ = {isa = PBXFileReference; lastKnownFileType = sourcecode.swift; path = EmojiMemoryGame.swift; sourceTree = "<group>"; };
		DED81A72263F2E5200708D32 /* Grid.swift */ = {isa = PBXFileReference; lastKnownFileType = sourcecode.swift; path = Grid.swift; sourceTree = "<group>"; };
		DED81A74263F37E300708D32 /* GridLayout.swift */ = {isa = PBXFileReference; fileEncoding = 4; lastKnownFileType = sourcecode.swift; path = GridLayout.swift; sourceTree = "<group>"; };
		DED81A76263F3C3600708D32 /* Array+Identifiable.swift */ = {isa = PBXFileReference; lastKnownFileType = sourcecode.swift; path = "Array+Identifiable.swift"; sourceTree = "<group>"; };
		DED81A78263F5DB300708D32 /* Array+Only.swift */ = {isa = PBXFileReference; lastKnownFileType = sourcecode.swift; path = "Array+Only.swift"; sourceTree = "<group>"; };
		DED81A7A26434B9000708D32 /* Theme.swift */ = {isa = PBXFileReference; lastKnownFileType = sourcecode.swift; path = Theme.swift; sourceTree = "<group>"; };
		DED81A7C2651D0F600708D32 /* Pie.swift */ = {isa = PBXFileReference; lastKnownFileType = sourcecode.swift; path = Pie.swift; sourceTree = "<group>"; };
		DED81A7E265220D300708D32 /* Cardify.swift */ = {isa = PBXFileReference; lastKnownFileType = sourcecode.swift; path = Cardify.swift; sourceTree = "<group>"; };
/* End PBXFileReference section */

/* Begin PBXFrameworksBuildPhase section */
		DE2190BC2638F94400630DC4 /* Frameworks */ = {
			isa = PBXFrameworksBuildPhase;
			buildActionMask = 2147483647;
			files = (
			);
			runOnlyForDeploymentPostprocessing = 0;
		};
/* End PBXFrameworksBuildPhase section */

/* Begin PBXGroup section */
		DE2190B62638F94400630DC4 = {
			isa = PBXGroup;
			children = (
				DE2190C12638F94400630DC4 /* Memorize */,
				DE2190C02638F94400630DC4 /* Products */,
			);
			sourceTree = "<group>";
		};
		DE2190C02638F94400630DC4 /* Products */ = {
			isa = PBXGroup;
			children = (
				DE2190BF2638F94400630DC4 /* Memorize.app */,
			);
			name = Products;
			sourceTree = "<group>";
		};
		DE2190C12638F94400630DC4 /* Memorize */ = {
			isa = PBXGroup;
			children = (
				DED81A7C2651D0F600708D32 /* Pie.swift */,
				DE2190C22638F94400630DC4 /* MemorizeApp.swift */,
				DE2190C42638F94400630DC4 /* GameView.swift */,
				DED81A7E265220D300708D32 /* Cardify.swift */,
				DED81A72263F2E5200708D32 /* Grid.swift */,
				DED81A76263F3C3600708D32 /* Array+Identifiable.swift */,
				DED81A6E263A711400708D32 /* MemoryGame.swift */,
				DED81A7A26434B9000708D32 /* Theme.swift */,
				DED81A78263F5DB300708D32 /* Array+Only.swift */,
				DED81A70263BA32000708D32 /* EmojiMemoryGame.swift */,
				DED81A74263F37E300708D32 /* GridLayout.swift */,
				DE2190C62638F94600630DC4 /* Assets.xcassets */,
				DE2190CB2638F94600630DC4 /* Info.plist */,
				DE2190C82638F94600630DC4 /* Preview Content */,
			);
			path = Memorize;
			sourceTree = "<group>";
		};
		DE2190C82638F94600630DC4 /* Preview Content */ = {
			isa = PBXGroup;
			children = (
				DE2190C92638F94600630DC4 /* Preview Assets.xcassets */,
			);
			path = "Preview Content";
			sourceTree = "<group>";
		};
/* End PBXGroup section */

/* Begin PBXNativeTarget section */
		DE2190BE2638F94400630DC4 /* Memorize */ = {
			isa = PBXNativeTarget;
			buildConfigurationList = DE2190CE2638F94600630DC4 /* Build configuration list for PBXNativeTarget "Memorize" */;
			buildPhases = (
				DE2190BB2638F94400630DC4 /* Sources */,
				DE2190BC2638F94400630DC4 /* Frameworks */,
				DE2190BD2638F94400630DC4 /* Resources */,
			);
			buildRules = (
			);
			dependencies = (
			);
			name = Memorize;
			productName = Memorize;
			productReference = DE2190BF2638F94400630DC4 /* Memorize.app */;
			productType = "com.apple.product-type.application";
		};
/* End PBXNativeTarget section */

/* Begin PBXProject section */
		DE2190B72638F94400630DC4 /* Project object */ = {
			isa = PBXProject;
			attributes = {
				LastSwiftUpdateCheck = 1250;
				LastUpgradeCheck = 1250;
				TargetAttributes = {
					DE2190BE2638F94400630DC4 = {
						CreatedOnToolsVersion = 12.5;
					};
				};
			};
			buildConfigurationList = DE2190BA2638F94400630DC4 /* Build configuration list for PBXProject "Memorize" */;
			compatibilityVersion = "Xcode 9.3";
			developmentRegion = en;
			hasScannedForEncodings = 0;
			knownRegions = (
				en,
				Base,
			);
			mainGroup = DE2190B62638F94400630DC4;
			productRefGroup = DE2190C02638F94400630DC4 /* Products */;
			projectDirPath = "";
			projectRoot = "";
			targets = (
				DE2190BE2638F94400630DC4 /* Memorize */,
			);
		};
/* End PBXProject section */

/* Begin PBXResourcesBuildPhase section */
		DE2190BD2638F94400630DC4 /* Resources */ = {
			isa = PBXResourcesBuildPhase;
			buildActionMask = 2147483647;
			files = (
				DE2190CA2638F94600630DC4 /* Preview Assets.xcassets in Resources */,
				DE2190C72638F94600630DC4 /* Assets.xcassets in Resources */,
			);
			runOnlyForDeploymentPostprocessing = 0;
		};
/* End PBXResourcesBuildPhase section */

/* Begin PBXSourcesBuildPhase section */
		DE2190BB2638F94400630DC4 /* Sources */ = {
			isa = PBXSourcesBuildPhase;
			buildActionMask = 2147483647;
			files = (
				DED81A7F265220D300708D32 /* Cardify.swift in Sources */,
				DED81A7D2651D0F600708D32 /* Pie.swift in Sources */,
				DED81A7B26434B9000708D32 /* Theme.swift in Sources */,
				DED81A6F263A711400708D32 /* MemoryGame.swift in Sources */,
				DE2190C52638F94400630DC4 /* GameView.swift in Sources */,
				DED81A71263BA32000708D32 /* EmojiMemoryGame.swift in Sources */,
				DED81A75263F37E300708D32 /* GridLayout.swift in Sources */,
				DED81A73263F2E5200708D32 /* Grid.swift in Sources */,
				DED81A77263F3C3600708D32 /* Array+Identifiable.swift in Sources */,
				DE2190C32638F94400630DC4 /* MemorizeApp.swift in Sources */,
				DED81A79263F5DB300708D32 /* Array+Only.swift in Sources */,
			);
			runOnlyForDeploymentPostprocessing = 0;
		};
/* End PBXSourcesBuildPhase section */

/* Begin XCBuildConfiguration section */
		DE2190CC2638F94600630DC4 /* Debug */ = {
			isa = XCBuildConfiguration;
			buildSettings = {
				ALWAYS_SEARCH_USER_PATHS = NO;
				CLANG_ANALYZER_NONNULL = YES;
				CLANG_ANALYZER_NUMBER_OBJECT_CONVERSION = YES_AGGRESSIVE;
				CLANG_CXX_LANGUAGE_STANDARD = "gnu++14";
				CLANG_CXX_LIBRARY = "libc++";
				CLANG_ENABLE_MODULES = YES;
				CLANG_ENABLE_OBJC_ARC = YES;
				CLANG_ENABLE_OBJC_WEAK = YES;
				CLANG_WARN_BLOCK_CAPTURE_AUTORELEASING = YES;
				CLANG_WARN_BOOL_CONVERSION = YES;
				CLANG_WARN_COMMA = YES;
				CLANG_WARN_CONSTANT_CONVERSION = YES;
				CLANG_WARN_DEPRECATED_OBJC_IMPLEMENTATIONS = YES;
				CLANG_WARN_DIRECT_OBJC_ISA_USAGE = YES_ERROR;
				CLANG_WARN_DOCUMENTATION_COMMENTS = YES;
				CLANG_WARN_EMPTY_BODY = YES;
				CLANG_WARN_ENUM_CONVERSION = YES;
				CLANG_WARN_INFINITE_RECURSION = YES;
				CLANG_WARN_INT_CONVERSION = YES;
				CLANG_WARN_NON_LITERAL_NULL_CONVERSION = YES;
				CLANG_WARN_OBJC_IMPLICIT_RETAIN_SELF = YES;
				CLANG_WARN_OBJC_LITERAL_CONVERSION = YES;
				CLANG_WARN_OBJC_ROOT_CLASS = YES_ERROR;
				CLANG_WARN_QUOTED_INCLUDE_IN_FRAMEWORK_HEADER = YES;
				CLANG_WARN_RANGE_LOOP_ANALYSIS = YES;
				CLANG_WARN_STRICT_PROTOTYPES = YES;
				CLANG_WARN_SUSPICIOUS_MOVE = YES;
				CLANG_WARN_UNGUARDED_AVAILABILITY = YES_AGGRESSIVE;
				CLANG_WARN_UNREACHABLE_CODE = YES;
				CLANG_WARN__DUPLICATE_METHOD_MATCH = YES;
				COPY_PHASE_STRIP = NO;
				DEBUG_INFORMATION_FORMAT = dwarf;
				ENABLE_STRICT_OBJC_MSGSEND = YES;
				ENABLE_TESTABILITY = YES;
				GCC_C_LANGUAGE_STANDARD = gnu11;
				GCC_DYNAMIC_NO_PIC = NO;
				GCC_NO_COMMON_BLOCKS = YES;
				GCC_OPTIMIZATION_LEVEL = 0;
				GCC_PREPROCESSOR_DEFINITIONS = (
					"DEBUG=1",
					"$(inherited)",
				);
				GCC_WARN_64_TO_32_BIT_CONVERSION = YES;
				GCC_WARN_ABOUT_RETURN_TYPE = YES_ERROR;
				GCC_WARN_UNDECLARED_SELECTOR = YES;
				GCC_WARN_UNINITIALIZED_AUTOS = YES_AGGRESSIVE;
				GCC_WARN_UNUSED_FUNCTION = YES;
				GCC_WARN_UNUSED_VARIABLE = YES;
				IPHONEOS_DEPLOYMENT_TARGET = 14.5;
				MTL_ENABLE_DEBUG_INFO = INCLUDE_SOURCE;
				MTL_FAST_MATH = YES;
				ONLY_ACTIVE_ARCH = YES;
				SDKROOT = iphoneos;
				SWIFT_ACTIVE_COMPILATION_CONDITIONS = DEBUG;
				SWIFT_OPTIMIZATION_LEVEL = "-Onone";
			};
			name = Debug;
		};
		DE2190CD2638F94600630DC4 /* Release */ = {
			isa = XCBuildConfiguration;
			buildSettings = {
				ALWAYS_SEARCH_USER_PATHS = NO;
				CLANG_ANALYZER_NONNULL = YES;
				CLANG_ANALYZER_NUMBER_OBJECT_CONVERSION = YES_AGGRESSIVE;
				CLANG_CXX_LANGUAGE_STANDARD = "gnu++14";
				CLANG_CXX_LIBRARY = "libc++";
				CLANG_ENABLE_MODULES = YES;
				CLANG_ENABLE_OBJC_ARC = YES;
				CLANG_ENABLE_OBJC_WEAK = YES;
				CLANG_WARN_BLOCK_CAPTURE_AUTORELEASING = YES;
				CLANG_WARN_BOOL_CONVERSION = YES;
				CLANG_WARN_COMMA = YES;
				CLANG_WARN_CONSTANT_CONVERSION = YES;
				CLANG_WARN_DEPRECATED_OBJC_IMPLEMENTATIONS = YES;
				CLANG_WARN_DIRECT_OBJC_ISA_USAGE = YES_ERROR;
				CLANG_WARN_DOCUMENTATION_COMMENTS = YES;
				CLANG_WARN_EMPTY_BODY = YES;
				CLANG_WARN_ENUM_CONVERSION = YES;
				CLANG_WARN_INFINITE_RECURSION = YES;
				CLANG_WARN_INT_CONVERSION = YES;
				CLANG_WARN_NON_LITERAL_NULL_CONVERSION = YES;
				CLANG_WARN_OBJC_IMPLICIT_RETAIN_SELF = YES;
				CLANG_WARN_OBJC_LITERAL_CONVERSION = YES;
				CLANG_WARN_OBJC_ROOT_CLASS = YES_ERROR;
				CLANG_WARN_QUOTED_INCLUDE_IN_FRAMEWORK_HEADER = YES;
				CLANG_WARN_RANGE_LOOP_ANALYSIS = YES;
				CLANG_WARN_STRICT_PROTOTYPES = YES;
				CLANG_WARN_SUSPICIOUS_MOVE = YES;
				CLANG_WARN_UNGUARDED_AVAILABILITY = YES_AGGRESSIVE;
				CLANG_WARN_UNREACHABLE_CODE = YES;
				CLANG_WARN__DUPLICATE_METHOD_MATCH = YES;
				COPY_PHASE_STRIP = NO;
				DEBUG_INFORMATION_FORMAT = "dwarf-with-dsym";
				ENABLE_NS_ASSERTIONS = NO;
				ENABLE_STRICT_OBJC_MSGSEND = YES;
				GCC_C_LANGUAGE_STANDARD = gnu11;
				GCC_NO_COMMON_BLOCKS = YES;
				GCC_WARN_64_TO_32_BIT_CONVERSION = YES;
				GCC_WARN_ABOUT_RETURN_TYPE = YES_ERROR;
				GCC_WARN_UNDECLARED_SELECTOR = YES;
				GCC_WARN_UNINITIALIZED_AUTOS = YES_AGGRESSIVE;
				GCC_WARN_UNUSED_FUNCTION = YES;
				GCC_WARN_UNUSED_VARIABLE = YES;
				IPHONEOS_DEPLOYMENT_TARGET = 14.5;
				MTL_ENABLE_DEBUG_INFO = NO;
				MTL_FAST_MATH = YES;
				SDKROOT = iphoneos;
				SWIFT_COMPILATION_MODE = wholemodule;
				SWIFT_OPTIMIZATION_LEVEL = "-O";
				VALIDATE_PRODUCT = YES;
			};
			name = Release;
		};
		DE2190CF2638F94600630DC4 /* Debug */ = {
			isa = XCBuildConfiguration;
			buildSettings = {
				ASSETCATALOG_COMPILER_APPICON_NAME = AppIcon;
				ASSETCATALOG_COMPILER_GLOBAL_ACCENT_COLOR_NAME = AccentColor;
				CODE_SIGN_STYLE = Automatic;
				DEVELOPMENT_ASSET_PATHS = "\"Memorize/Preview Content\"";
				ENABLE_PREVIEWS = YES;
				INFOPLIST_FILE = Memorize/Info.plist;
				IPHONEOS_DEPLOYMENT_TARGET = 14.0;
				LD_RUNPATH_SEARCH_PATHS = (
					"$(inherited)",
					"@executable_path/Frameworks",
				);
				PRODUCT_BUNDLE_IDENTIFIER = com.outlook.felipemr94.Memorize;
				PRODUCT_NAME = "$(TARGET_NAME)";
				SWIFT_VERSION = 5.0;
				TARGETED_DEVICE_FAMILY = "1,2";
			};
			name = Debug;
		};
		DE2190D02638F94600630DC4 /* Release */ = {
			isa = XCBuildConfiguration;
			buildSettings = {
				ASSETCATALOG_COMPILER_APPICON_NAME = AppIcon;
				ASSETCATALOG_COMPILER_GLOBAL_ACCENT_COLOR_NAME = AccentColor;
				CODE_SIGN_STYLE = Automatic;
				DEVELOPMENT_ASSET_PATHS = "\"Memorize/Preview Content\"";
				ENABLE_PREVIEWS = YES;
				INFOPLIST_FILE = Memorize/Info.plist;
				IPHONEOS_DEPLOYMENT_TARGET = 14.0;
				LD_RUNPATH_SEARCH_PATHS = (
					"$(inherited)",
					"@executable_path/Frameworks",
				);
				PRODUCT_BUNDLE_IDENTIFIER = com.outlook.felipemr94.Memorize;
				PRODUCT_NAME = "$(TARGET_NAME)";
				SWIFT_VERSION = 5.0;
				TARGETED_DEVICE_FAMILY = "1,2";
			};
			name = Release;
		};
/* End XCBuildConfiguration section */

/* Begin XCConfigurationList section */
		DE2190BA2638F94400630DC4 /* Build configuration list for PBXProject "Memorize" */ = {
			isa = XCConfigurationList;
			buildConfigurations = (
				DE2190CC2638F94600630DC4 /* Debug */,
				DE2190CD2638F94600630DC4 /* Release */,
			);
			defaultConfigurationIsVisible = 0;
			defaultConfigurationName = Release;
		};
		DE2190CE2638F94600630DC4 /* Build configuration list for PBXNativeTarget "Memorize" */ = {
			isa = XCConfigurationList;
			buildConfigurations = (
				DE2190CF2638F94600630DC4 /* Debug */,
				DE2190D02638F94600630DC4 /* Release */,
			);
			defaultConfigurationIsVisible = 0;
			defaultConfigurationName = Release;
		};
/* End XCConfigurationList section */
	};
	rootObject = DE2190B72638F94400630DC4 /* Project object */;
}
